<?xml version="1.0" encoding="utf-8"?>
<Project ToolsVersion="4.0" xmlns="http://schemas.microsoft.com/developer/msbuild/2003">
  <ItemGroup>
    <Filter Include="src">
      <UniqueIdentifier>{2DAB880B-99B4-887C-2230-9F7C8E38947C}</UniqueIdentifier>
    </Filter>
    <Filter Include="src\Drifter">
      <UniqueIdentifier>{ECCE0391-5884-7C86-E178-765D4D2D738A}</UniqueIdentifier>
    </Filter>
    <Filter Include="src\Drifter\Core">
      <UniqueIdentifier>{C4268F5B-B01F-AEAD-D951-9332C5A98DB9}</UniqueIdentifier>
    </Filter>
    <Filter Include="src\Drifter\EditorUI">
      <UniqueIdentifier>{60C69FBE-4C55-2988-F573-3D83E1E1392E}</UniqueIdentifier>
    </Filter>
    <Filter Include="src\Drifter\Events">
      <UniqueIdentifier>{50F91581-3CDD-D6D6-A53D-D1299140C158}</UniqueIdentifier>
    </Filter>
    <Filter Include="src\Drifter\Input">
      <UniqueIdentifier>{EBFFDFCD-5716-DE63-A08D-69850CE3AEEB}</UniqueIdentifier>
    </Filter>
    <Filter Include="src\Drifter\Renderer">
      <UniqueIdentifier>{129C7415-FE2A-FEDE-A749-12DA93B70E85}</UniqueIdentifier>
    </Filter>
    <Filter Include="src\Drifter\Renderer\Material">
      <UniqueIdentifier>{F07E93E4-5C97-7A0E-2544-0AA8911B0FA8}</UniqueIdentifier>
    </Filter>
    <Filter Include="src\Platform">
      <UniqueIdentifier>{21CA02E5-0D2D-9289-B6B2-CA3FA2F45D0C}</UniqueIdentifier>
    </Filter>
    <Filter Include="src\Platform\OpenGL">
      <UniqueIdentifier>{35A49437-A105-7245-2A73-B8F796D3A804}</UniqueIdentifier>
    </Filter>
    <Filter Include="src\Platform\OpenGL\Material">
      <UniqueIdentifier>{735EAE4C-5F19-9EF8-08D1-1643F46AE888}</UniqueIdentifier>
    </Filter>
    <Filter Include="src\Platform\Windows">
      <UniqueIdentifier>{5B054582-4794-CE4B-F0B2-E246DC20DFF1}</UniqueIdentifier>
    </Filter>
    <Filter Include="vendors">
      <UniqueIdentifier>{86EAAF72-F2C9-2E0E-FBE1-B9E46740956F}</UniqueIdentifier>
    </Filter>
    <Filter Include="vendors\glm">
      <UniqueIdentifier>{D54729C6-41FD-A1BB-CAF1-9B9236A698BF}</UniqueIdentifier>
    </Filter>
    <Filter Include="vendors\glm\glm">
      <UniqueIdentifier>{A4B49EC6-1040-0C8B-1951-8F7F855B688B}</UniqueIdentifier>
    </Filter>
    <Filter Include="vendors\glm\glm\detail">
      <UniqueIdentifier>{E68B521F-D285-7B71-BBF2-1182A78BE1DD}</UniqueIdentifier>
    </Filter>
    <Filter Include="vendors\stb_image">
      <UniqueIdentifier>{A0FA5DE2-0C11-5C78-5588-E799C1DD2C00}</UniqueIdentifier>
    </Filter>
  </ItemGroup>
  <ItemGroup>
    <ClInclude Include="..\vendors\stb_image\stb_image.h">
      <Filter>vendors\stb_image</Filter>
    </ClInclude>
    <ClInclude Include="src\Drifter.h">
      <Filter>src</Filter>
    </ClInclude>
    <ClInclude Include="src\Drifter\Application.h">
      <Filter>src\Drifter</Filter>
    </ClInclude>
    <ClInclude Include="src\Drifter\Core\Log.h">
      <Filter>src\Drifter\Core</Filter>
    </ClInclude>
    <ClInclude Include="src\Drifter\Core\Time.h">
      <Filter>src\Drifter\Core</Filter>
    </ClInclude>
    <ClInclude Include="src\Drifter\EditorUI\IMGUILayer.h">
      <Filter>src\Drifter\EditorUI</Filter>
    </ClInclude>
    <ClInclude Include="src\Drifter\Events\ApplicationEvent.h">
      <Filter>src\Drifter\Events</Filter>
    </ClInclude>
    <ClInclude Include="src\Drifter\Events\Event.h">
      <Filter>src\Drifter\Events</Filter>
    </ClInclude>
    <ClInclude Include="src\Drifter\Events\KeyEvent.h">
      <Filter>src\Drifter\Events</Filter>
    </ClInclude>
    <ClInclude Include="src\Drifter\Events\MouseEvent.h">
      <Filter>src\Drifter\Events</Filter>
    </ClInclude>
    <ClInclude Include="src\Drifter\Input\Input.h">
      <Filter>src\Drifter\Input</Filter>
    </ClInclude>
    <ClInclude Include="src\Drifter\Input\KeyCodes.h">
      <Filter>src\Drifter\Input</Filter>
    </ClInclude>
    <ClInclude Include="src\Drifter\Input\MouseCodes.h">
      <Filter>src\Drifter\Input</Filter>
    </ClInclude>
    <ClInclude Include="src\Drifter\Layer.h">
      <Filter>src\Drifter</Filter>
    </ClInclude>
    <ClInclude Include="src\Drifter\LayerStack.h">
      <Filter>src\Drifter</Filter>
    </ClInclude>
    <ClInclude Include="src\Drifter\Renderer\Buffer.h">
      <Filter>src\Drifter\Renderer</Filter>
    </ClInclude>
    <ClInclude Include="src\Drifter\Renderer\GraphicsContext.h">
      <Filter>src\Drifter\Renderer</Filter>
    </ClInclude>
    <ClInclude Include="src\Drifter\Renderer\RenderCommand.h">
      <Filter>src\Drifter\Renderer</Filter>
    </ClInclude>
    <ClInclude Include="src\Drifter\Renderer\Renderer.h">
      <Filter>src\Drifter\Renderer</Filter>
    </ClInclude>
    <ClInclude Include="src\Drifter\Renderer\VertexArray.h">
      <Filter>src\Drifter\Renderer</Filter>
    </ClInclude>
    <ClInclude Include="src\Drifter\Transform.h">
      <Filter>src\Drifter</Filter>
    </ClInclude>
    <ClInclude Include="src\Drifter\Window.h">
      <Filter>src\Drifter</Filter>
    </ClInclude>
    <ClInclude Include="src\Platform\OpenGL\OpenGLBuffer.h">
      <Filter>src\Platform\OpenGL</Filter>
    </ClInclude>
    <ClInclude Include="src\Platform\OpenGL\OpenGLContext.h">
      <Filter>src\Platform\OpenGL</Filter>
    </ClInclude>
    <ClInclude Include="src\Platform\OpenGL\OpenGLRenderCommandParser.h">
      <Filter>src\Platform\OpenGL</Filter>
    </ClInclude>
    <ClInclude Include="src\Platform\OpenGL\OpenGLVertexArray.h">
      <Filter>src\Platform\OpenGL</Filter>
    </ClInclude>
    <ClInclude Include="src\Platform\Windows\WindowsInput.h">
      <Filter>src\Platform\Windows</Filter>
    </ClInclude>
    <ClInclude Include="src\Platform\Windows\WindowsWindow.h">
      <Filter>src\Platform\Windows</Filter>
    </ClInclude>
    <ClInclude Include="src\dfpch.h">
      <Filter>src\Drifter\Core</Filter>
    </ClInclude>
    <ClInclude Include="src\Core.h">
      <Filter>src\Drifter\Core</Filter>
    </ClInclude>
    <ClInclude Include="src\EntryPoint.h">
      <Filter>src\Drifter\Core</Filter>
    </ClInclude>
    <ClInclude Include="src\Drifter\Renderer\Cameras\Camera.h">
      <Filter>src\Drifter\Renderer</Filter>
    </ClInclude>
    <ClInclude Include="src\Drifter\Renderer\Cameras\CameraController.h" />
    <ClInclude Include="src\Platform\OpenGL\Renderer\Cameras\OpenGLOrthographicCamera.h" />
    <ClInclude Include="src\Platform\OpenGL\Renderer\Cameras\OpenGLPerspectiveCamera.h">
      <Filter>src\Platform\OpenGL</Filter>
    </ClInclude>
    <ClInclude Include="src\Platform\OpenGL\Renderer\Shaders\OpenGLShader.h">
      <Filter>src\Platform\OpenGL\Material</Filter>
    </ClInclude>
    <ClInclude Include="src\Platform\OpenGL\Renderer\Shaders\OpenGLTexture.h">
      <Filter>src\Platform\OpenGL\Material</Filter>
    </ClInclude>
    <ClInclude Include="src\Platform\OpenGL\Renderer\Shaders\OpenGLUniform.h">
      <Filter>src\Platform\OpenGL\Material</Filter>
    </ClInclude>
    <ClInclude Include="src\Drifter\Renderer\Shaders\Material.h">
      <Filter>src\Drifter\Renderer\Material</Filter>
    </ClInclude>
    <ClInclude Include="src\Drifter\Renderer\Shaders\Shader.h">
      <Filter>src\Drifter\Renderer\Material</Filter>
    </ClInclude>
    <ClInclude Include="src\Drifter\Renderer\Shaders\ShaderDataType.h">
      <Filter>src\Drifter\Renderer\Material</Filter>
    </ClInclude>
    <ClInclude Include="src\Drifter\Renderer\Shaders\Texture.h">
      <Filter>src\Drifter\Renderer\Material</Filter>
    </ClInclude>
    <ClInclude Include="src\Drifter\Renderer\Shaders\Uniform.h">
      <Filter>src\Drifter\Renderer\Material</Filter>
    </ClInclude>
    <ClInclude Include="src\Drifter\Renderer\Renderer2D.h" />
  </ItemGroup>
  <ItemGroup>
    <ClCompile Include="..\vendors\glm\glm\detail\glm.cpp">
      <Filter>vendors\glm\glm\detail</Filter>
    </ClCompile>
    <ClCompile Include="..\vendors\stb_image\stb_image.cpp">
      <Filter>vendors\stb_image</Filter>
    </ClCompile>
    <ClCompile Include="src\Drifter\Application.cpp">
      <Filter>src\Drifter</Filter>
    </ClCompile>
    <ClCompile Include="src\Drifter\Core\Log.cpp">
      <Filter>src\Drifter\Core</Filter>
    </ClCompile>
    <ClCompile Include="src\Drifter\EditorUI\IMGUILayer.cpp">
      <Filter>src\Drifter\EditorUI</Filter>
    </ClCompile>
    <ClCompile Include="src\Drifter\Layer.cpp">
      <Filter>src\Drifter</Filter>
    </ClCompile>
    <ClCompile Include="src\Drifter\LayerStack.cpp">
      <Filter>src\Drifter</Filter>
    </ClCompile>
    <ClCompile Include="src\Drifter\Renderer\Buffer.cpp">
      <Filter>src\Drifter\Renderer</Filter>
    </ClCompile>
    <ClCompile Include="src\Drifter\Renderer\RenderCommand.cpp">
      <Filter>src\Drifter\Renderer</Filter>
    </ClCompile>
    <ClCompile Include="src\Drifter\Renderer\Renderer.cpp">
      <Filter>src\Drifter\Renderer</Filter>
    </ClCompile>
    <ClCompile Include="src\Drifter\Renderer\VertexArray.cpp">
      <Filter>src\Drifter\Renderer</Filter>
    </ClCompile>
    <ClCompile Include="src\Drifter\Transform.cpp">
      <Filter>src\Drifter</Filter>
    </ClCompile>
    <ClCompile Include="src\Platform\OpenGL\OpenGLBuffer.cpp">
      <Filter>src\Platform\OpenGL</Filter>
    </ClCompile>
    <ClCompile Include="src\Platform\OpenGL\OpenGLContext.cpp">
      <Filter>src\Platform\OpenGL</Filter>
    </ClCompile>
    <ClCompile Include="src\Platform\OpenGL\OpenGLRenderCommandParser.cpp">
      <Filter>src\Platform\OpenGL</Filter>
    </ClCompile>
    <ClCompile Include="src\Platform\OpenGL\OpenGLVertexArray.cpp">
      <Filter>src\Platform\OpenGL</Filter>
    </ClCompile>
    <ClCompile Include="src\Platform\Windows\KeyCodes.cpp">
      <Filter>src\Platform\Windows</Filter>
    </ClCompile>
    <ClCompile Include="src\Platform\Windows\MouseCodes.cpp">
      <Filter>src\Platform\Windows</Filter>
    </ClCompile>
    <ClCompile Include="src\Platform\Windows\WindowsInput.cpp">
      <Filter>src\Platform\Windows</Filter>
    </ClCompile>
    <ClCompile Include="src\Platform\Windows\WindowsTime.cpp">
      <Filter>src\Platform\Windows</Filter>
    </ClCompile>
    <ClCompile Include="src\Platform\Windows\WindowsWindow.cpp">
      <Filter>src\Platform\Windows</Filter>
    </ClCompile>
    <ClCompile Include="src\dfpch.cpp">
      <Filter>src\Drifter\Core</Filter>
    </ClCompile>
    <ClCompile Include="src\Drifter\Renderer\Cameras\Camera.cpp">
      <Filter>src\Drifter\Renderer</Filter>
    </ClCompile>
    <ClCompile Include="src\Drifter\Renderer\Cameras\OrthographicCameraController.cpp" />
    <ClCompile Include="src\Drifter\Renderer\Cameras\PerspectiveCameraController.cpp" />
    <ClCompile Include="src\Platform\OpenGL\Renderer\Cameras\OpenGLPerspectiveCamera.cpp">
      <Filter>src\Platform\OpenGL</Filter>
    </ClCompile>
    <ClCompile Include="src\Platform\OpenGL\Renderer\Cameras\OpenGLOrthographicCamera.cpp" />
    <ClCompile Include="src\Platform\OpenGL\Renderer\Shaders\OpenGLShader.cpp">
      <Filter>src\Platform\OpenGL\Material</Filter>
    </ClCompile>
    <ClCompile Include="src\Platform\OpenGL\Renderer\Shaders\OpenGLTexture.cpp">
      <Filter>src\Platform\OpenGL\Material</Filter>
    </ClCompile>
    <ClCompile Include="src\Platform\OpenGL\Renderer\Shaders\OpenGLUniform.cpp">
      <Filter>src\Platform\OpenGL\Material</Filter>
    </ClCompile>
    <ClCompile Include="src\Drifter\Renderer\Shaders\Material.cpp">
      <Filter>src\Drifter\Renderer\Material</Filter>
    </ClCompile>
    <ClCompile Include="src\Drifter\Renderer\Shaders\Shader.cpp">
      <Filter>src\Drifter\Renderer\Material</Filter>
    </ClCompile>
    <ClCompile Include="src\Drifter\Renderer\Shaders\Texture.cpp">
      <Filter>src\Drifter\Renderer\Material</Filter>
    </ClCompile>
    <ClCompile Include="src\Drifter\Renderer\Shaders\Uniform.cpp">
      <Filter>src\Drifter\Renderer\Material</Filter>
    </ClCompile>
    <ClCompile Include="src\Drifter\Renderer\Renderer2D.cpp" />
  </ItemGroup>
</Project>