<?xml version="1.0" encoding="utf-8"?>
<Project ToolsVersion="4.0" xmlns="http://schemas.microsoft.com/developer/msbuild/2003">
  <ItemGroup>
    <Filter Include="src">
      <UniqueIdentifier>{2DAB880B-99B4-887C-2230-9F7C8E38947C}</UniqueIdentifier>
    </Filter>
    <Filter Include="src\Drifter">
      <UniqueIdentifier>{ECCE0391-5884-7C86-E178-765D4D2D738A}</UniqueIdentifier>
    </Filter>
    <Filter Include="src\Drifter\EditorUI">
      <UniqueIdentifier>{60C69FBE-4C55-2988-F573-3D83E1E1392E}</UniqueIdentifier>
    </Filter>
    <Filter Include="src\Drifter\Events">
      <UniqueIdentifier>{50F91581-3CDD-D6D6-A53D-D1299140C158}</UniqueIdentifier>
    </Filter>
    <Filter Include="src\Platform">
      <UniqueIdentifier>{21CA02E5-0D2D-9289-B6B2-CA3FA2F45D0C}</UniqueIdentifier>
    </Filter>
    <Filter Include="src\Platform\Windows">
      <UniqueIdentifier>{5B054582-4794-CE4B-F0B2-E246DC20DFF1}</UniqueIdentifier>
    </Filter>
    <Filter Include="vendors">
      <UniqueIdentifier>{86EAAF72-F2C9-2E0E-FBE1-B9E46740956F}</UniqueIdentifier>
    </Filter>
    <Filter Include="vendors\glm">
      <UniqueIdentifier>{D54729C6-41FD-A1BB-CAF1-9B9236A698BF}</UniqueIdentifier>
    </Filter>
    <Filter Include="vendors\glm\glm">
      <UniqueIdentifier>{A4B49EC6-1040-0C8B-1951-8F7F855B688B}</UniqueIdentifier>
    </Filter>
    <Filter Include="vendors\glm\glm\detail">
      <UniqueIdentifier>{E68B521F-D285-7B71-BBF2-1182A78BE1DD}</UniqueIdentifier>
    </Filter>
  </ItemGroup>
  <ItemGroup>
    <ClInclude Include="src\Drifter.h">
      <Filter>src</Filter>
    </ClInclude>
    <ClInclude Include="src\Drifter\Application.h">
      <Filter>src\Drifter</Filter>
    </ClInclude>
    <ClInclude Include="src\Drifter\Core.h">
      <Filter>src\Drifter</Filter>
    </ClInclude>
    <ClInclude Include="src\Drifter\EditorUI\IMGUILayer.h">
      <Filter>src\Drifter\EditorUI</Filter>
    </ClInclude>
    <ClInclude Include="src\Drifter\EntryPoint.h">
      <Filter>src\Drifter</Filter>
    </ClInclude>
    <ClInclude Include="src\Drifter\Events\ApplicationEvent.h">
      <Filter>src\Drifter\Events</Filter>
    </ClInclude>
    <ClInclude Include="src\Drifter\Events\Event.h">
      <Filter>src\Drifter\Events</Filter>
    </ClInclude>
    <ClInclude Include="src\Drifter\Events\KeyEvent.h">
      <Filter>src\Drifter\Events</Filter>
    </ClInclude>
    <ClInclude Include="src\Drifter\Events\MouseEvent.h">
      <Filter>src\Drifter\Events</Filter>
    </ClInclude>
    <ClInclude Include="src\Drifter\Input.h">
      <Filter>src\Drifter</Filter>
    </ClInclude>
    <ClInclude Include="src\Drifter\KeyCodes.h">
      <Filter>src\Drifter</Filter>
    </ClInclude>
    <ClInclude Include="src\Drifter\Layer.h">
      <Filter>src\Drifter</Filter>
    </ClInclude>
    <ClInclude Include="src\Drifter\LayerStack.h">
      <Filter>src\Drifter</Filter>
    </ClInclude>
    <ClInclude Include="src\Drifter\Log.h">
      <Filter>src\Drifter</Filter>
    </ClInclude>
    <ClInclude Include="src\Drifter\MouseCodes.h">
      <Filter>src\Drifter</Filter>
    </ClInclude>
    <ClInclude Include="src\Drifter\Window.h">
      <Filter>src\Drifter</Filter>
    </ClInclude>
    <ClInclude Include="src\Platform\Windows\WindowsInput.h">
      <Filter>src\Platform\Windows</Filter>
    </ClInclude>
    <ClInclude Include="src\Platform\Windows\WindowsWindow.h">
      <Filter>src\Platform\Windows</Filter>
    </ClInclude>
    <ClInclude Include="src\dfpch.h">
      <Filter>src</Filter>
    </ClInclude>
    <ClInclude Include="src\Drifter\Renderer\GraphicsContext.h" />
    <ClInclude Include="src\Platform\OpenGL\OpenGLContext.h" />
  </ItemGroup>
  <ItemGroup>
    <ClCompile Include="..\vendors\glm\glm\detail\glm.cpp">
      <Filter>vendors\glm\glm\detail</Filter>
    </ClCompile>
    <ClCompile Include="src\Drifter\Application.cpp">
      <Filter>src\Drifter</Filter>
    </ClCompile>
    <ClCompile Include="src\Drifter\EditorUI\IMGUILayer.cpp">
      <Filter>src\Drifter\EditorUI</Filter>
    </ClCompile>
    <ClCompile Include="src\Drifter\Layer.cpp">
      <Filter>src\Drifter</Filter>
    </ClCompile>
    <ClCompile Include="src\Drifter\LayerStack.cpp">
      <Filter>src\Drifter</Filter>
    </ClCompile>
    <ClCompile Include="src\Drifter\Log.cpp">
      <Filter>src\Drifter</Filter>
    </ClCompile>
    <ClCompile Include="src\Platform\Windows\KeyCodes.cpp">
      <Filter>src\Platform\Windows</Filter>
    </ClCompile>
    <ClCompile Include="src\Platform\Windows\MouseCodes.cpp">
      <Filter>src\Platform\Windows</Filter>
    </ClCompile>
    <ClCompile Include="src\Platform\Windows\WindowsInput.cpp">
      <Filter>src\Platform\Windows</Filter>
    </ClCompile>
    <ClCompile Include="src\Platform\Windows\WindowsWindow.cpp">
      <Filter>src\Platform\Windows</Filter>
    </ClCompile>
    <ClCompile Include="src\dfpch.cpp">
      <Filter>src</Filter>
    </ClCompile>
    <ClCompile Include="src\Platform\OpenGL\OpenGLContext.cpp" />
  </ItemGroup>
</Project>